<Solution>
  <Project Path="src/Snackis.API/Snackis.API.csproj" />
  <Project Path="src/Snackis.Application/Snackis.Application.csproj" />
  <Project Path="src/Snackis.Domain/Snackis.Domain.csproj" />
  <Project Path="src/Snackis.Infrastructure/Snackis.Infrastructure.csproj" />
  <Project Path="src/Snackis.Presentation/Snackis.Presentation.csproj" />
</Solution>
